{
  "version": 4,
  "terraform_version": "0.12.13",
  "serial": 0,
  "lineage": "7fb074b5-de55-7d0f-e994-44115ec01eea",
  "outputs": {},
  "resources": [
    {
      "mode": "managed",
      "type": "aws_s3_bucket",
      "name": "main",
      "provider": "provider.aws",
      "instances": [
        {
          "schema_version": 0,
          "attributes": {
            "acceleration_status": "",
            "acl": "private",
            "arn": "arn:aws:s3:::test-aabhusan-1-us-east-1-test",
            "bucket": "test-aabhusan-1-us-east-1-test",
            "bucket_domain_name": "test-aabhusan-1-us-east-1-test.s3.amazonaws.com",
            "bucket_prefix": null,
            "bucket_regional_domain_name": "test-aabhusan-1-us-east-1-test.s3.amazonaws.com",
            "cors_rule": [],
            "force_destroy": false,
            "hosted_zone_id": "Z3AQBSTGFYJSTF",
            "id": "test-aabhusan-1-us-east-1-test",
            "lifecycle_rule": [],
            "logging": [],
            "object_lock_configuration": [],
            "policy": null,
            "region": "us-east-1",
            "replication_configuration": [],
            "request_payer": "BucketOwner",
            "server_side_encryption_configuration": [],
            "tags": {
              "created_by": "terraform",
              "environment": "test"
            },
            "versioning": [
              {
                "enabled": false,
                "mfa_delete": false
              }
            ],
            "website": [],
            "website_domain": null,
            "website_endpoint": null
          },
          "private": "bnVsbA=="
        }
      ]
    }
  ]
}
